// !$*UTF8*$!
{
	archiveVersion = 1;
	classes = {
	};
	objectVersion = 50;
	objects = {

/* Begin PBXBuildFile section */
		888E233220A58A0400E66FBB /* AppDelegate.m in Sources */ = {isa = PBXBuildFile; fileRef = 888E233120A58A0400E66FBB /* AppDelegate.m */; };
		888E233520A58A0400E66FBB /* ViewController.m in Sources */ = {isa = PBXBuildFile; fileRef = 888E233420A58A0400E66FBB /* ViewController.m */; };
		888E233820A58A0400E66FBB /* Main.storyboard in Resources */ = {isa = PBXBuildFile; fileRef = 888E233620A58A0400E66FBB /* Main.storyboard */; };
		888E233A20A58A0500E66FBB /* Assets.xcassets in Resources */ = {isa = PBXBuildFile; fileRef = 888E233920A58A0500E66FBB /* Assets.xcassets */; };
		888E233D20A58A0500E66FBB /* LaunchScreen.storyboard in Resources */ = {isa = PBXBuildFile; fileRef = 888E233B20A58A0500E66FBB /* LaunchScreen.storyboard */; };
		888E234020A58A0500E66FBB /* main.m in Sources */ = {isa = PBXBuildFile; fileRef = 888E233F20A58A0500E66FBB /* main.m */; };
/* End PBXBuildFile section */

/* Begin PBXFileReference section */
		888E232D20A58A0400E66FBB /* BlueToothModel.app */ = {isa = PBXFileReference; explicitFileType = wrapper.application; includeInIndex = 0; path = BlueToothModel.app; sourceTree = BUILT_PRODUCTS_DIR; };
		888E233020A58A0400E66FBB /* AppDelegate.h */ = {isa = PBXFileReference; lastKnownFileType = sourcecode.c.h; path = AppDelegate.h; sourceTree = "<group>"; };
		888E233120A58A0400E66FBB /* AppDelegate.m */ = {isa = PBXFileReference; lastKnownFileType = sourcecode.c.objc; path = AppDelegate.m; sourceTree = "<group>"; };
		888E233320A58A0400E66FBB /* ViewController.h */ = {isa = PBXFileReference; lastKnownFileType = sourcecode.c.h; path = ViewController.h; sourceTree = "<group>"; };
		888E233420A58A0400E66FBB /* ViewController.m */ = {isa = PBXFileReference; lastKnownFileType = sourcecode.c.objc; path = ViewController.m; sourceTree = "<group>"; };
		888E233720A58A0400E66FBB /* Base */ = {isa = PBXFileReference; lastKnownFileType = file.storyboard; name = Base; path = Base.lproj/Main.storyboard; sourceTree = "<group>"; };
		888E233920A58A0500E66FBB /* Assets.xcassets */ = {isa = PBXFileReference; lastKnownFileType = folder.assetcatalog; path = Assets.xcassets; sourceTree = "<group>"; };
		888E233C20A58A0500E66FBB /* Base */ = {isa = PBXFileReference; lastKnownFileType = file.storyboard; name = Base; path = Base.lproj/LaunchScreen.storyboard; sourceTree = "<group>"; };
		888E233E20A58A0500E66FBB /* Info.plist */ = {isa = PBXFileReference; lastKnownFileType = text.plist.xml; path = Info.plist; sourceTree = "<group>"; };
		888E233F20A58A0500E66FBB /* main.m */ = {isa = PBXFileReference; lastKnownFileType = sourcecode.c.objc; path = main.m; sourceTree = "<group>"; };
/* End PBXFileReference section */

/* Begin PBXFrameworksBuildPhase section */
		888E232A20A58A0400E66FBB /* Frameworks */ = {
			isa = PBXFrameworksBuildPhase;
			buildActionMask = 2147483647;
			files = (
			);
			runOnlyForDeploymentPostprocessing = 0;
		};
/* End PBXFrameworksBuildPhase section */

/* Begin PBXGroup section */
		888E232420A58A0400E66FBB = {
			isa = PBXGroup;
			children = (
				888E232F20A58A0400E66FBB /* BlueToothModel */,
				888E232E20A58A0400E66FBB /* Products */,
			);
			sourceTree = "<group>";
		};
		888E232E20A58A0400E66FBB /* Products */ = {
			isa = PBXGroup;
			children = (
				888E232D20A58A0400E66FBB /* BlueToothModel.app */,
			);
			name = Products;
			sourceTree = "<group>";
		};
		888E232F20A58A0400E66FBB /* BlueToothModel */ = {
			isa = PBXGroup;
			children = (
				888E233020A58A0400E66FBB /* AppDelegate.h */,
				888E233120A58A0400E66FBB /* AppDelegate.m */,
				888E233320A58A0400E66FBB /* ViewController.h */,
				888E233420A58A0400E66FBB /* ViewController.m */,
				888E233620A58A0400E66FBB /* Main.storyboard */,
				888E233920A58A0500E66FBB /* Assets.xcassets */,
				888E233B20A58A0500E66FBB /* LaunchScreen.storyboard */,
				888E233E20A58A0500E66FBB /* Info.plist */,
				888E233F20A58A0500E66FBB /* main.m */,
			);
			path = BlueToothModel;
			sourceTree = "<group>";
		};
/* End PBXGroup section */

/* Begin PBXNativeTarget section */
		888E232C20A58A0400E66FBB /* BlueToothModel */ = {
			isa = PBXNativeTarget;
			buildConfigurationList = 888E234320A58A0500E66FBB /* Build configuration list for PBXNativeTarget "BlueToothModel" */;
			buildPhases = (
				888E232920A58A0400E66FBB /* Sources */,
				888E232A20A58A0400E66FBB /* Frameworks */,
				888E232B20A58A0400E66FBB /* Resources */,
			);
			buildRules = (
			);
			dependencies = (
			);
			name = BlueToothModel;
			productName = BlueToothModel;
			productReference = 888E232D20A58A0400E66FBB /* BlueToothModel.app */;
			productType = "com.apple.product-type.application";
		};
/* End PBXNativeTarget section */

/* Begin PBXProject section */
		888E232520A58A0400E66FBB /* Project object */ = {
			isa = PBXProject;
			attributes = {
				LastUpgradeCheck = 0930;
				ORGANIZATIONNAME = zitang;
				TargetAttributes = {
					888E232C20A58A0400E66FBB = {
						CreatedOnToolsVersion = 9.3;
					};
				};
			};
			buildConfigurationList = 888E232820A58A0400E66FBB /* Build configuration list for PBXProject "BlueToothModel" */;
			compatibilityVersion = "Xcode 9.3";
			developmentRegion = en;
			hasScannedForEncodings = 0;
			knownRegions = (
				en,
				Base,
			);
			mainGroup = 888E232420A58A0400E66FBB;
			productRefGroup = 888E232E20A58A0400E66FBB /* Products */;
			projectDirPath = "";
			projectRoot = "";
			targets = (
				888E232C20A58A0400E66FBB /* BlueToothModel */,
			);
		};
/* End PBXProject section */

/* Begin PBXResourcesBuildPhase section */
		888E232B20A58A0400E66FBB /* Resources */ = {
			isa = PBXResourcesBuildPhase;
			buildActionMask = 2147483647;
			files = (
				888E233D20A58A0500E66FBB /* LaunchScreen.storyboard in Resources */,
				888E233A20A58A0500E66FBB /* Assets.xcassets in Resources */,
				888E233820A58A0400E66FBB /* Main.storyboard in Resources */,
			);
			runOnlyForDeploymentPostprocessing = 0;
		};
/* End PBXResourcesBuildPhase section */

/* Begin PBXSourcesBuildPhase section */
		888E232920A58A0400E66FBB /* Sources */ = {
			isa = PBXSourcesBuildPhase;
			buildActionMask = 2147483647;
			files = (
				888E233520A58A0400E66FBB /* ViewController.m in Sources */,
				888E234020A58A0500E66FBB /* main.m in Sources */,
				888E233220A58A0400E66FBB /* AppDelegate.m in Sources */,
			);
			runOnlyForDeploymentPostprocessing = 0;
		};
/* End PBXSourcesBuildPhase section */

/* Begin PBXVariantGroup section */
		888E233620A58A0400E66FBB /* Main.storyboard */ = {
			isa = PBXVariantGroup;
			children = (
				888E233720A58A0400E66FBB /* Base */,
			);
			name = Main.storyboard;
			sourceTree = "<group>";
		};
		888E233B20A58A0500E66FBB /* LaunchScreen.storyboard */ = {
			isa = PBXVariantGroup;
			children = (
				888E233C20A58A0500E66FBB /* Base */,
			);
			name = LaunchScreen.storyboard;
			sourceTree = "<group>";
		};
/* End PBXVariantGroup section */

/* Begin XCBuildConfiguration section */
		888E234120A58A0500E66FBB /* Debug */ = {
			isa = XCBuildConfiguration;
			buildSettings = {
				ALWAYS_SEARCH_USER_PATHS = NO;
				CLANG_ANALYZER_NONNULL = YES;
				CLANG_ANALYZER_NUMBER_OBJECT_CONVERSION = YES_AGGRESSIVE;
				CLANG_CXX_LANGUAGE_STANDARD = "gnu++14";
				CLANG_CXX_LIBRARY = "libc++";
				CLANG_ENABLE_MODULES = YES;
				CLANG_ENABLE_OBJC_ARC = YES;
				CLANG_ENABLE_OBJC_WEAK = YES;
				CLANG_WARN_BLOCK_CAPTURE_AUTORELEASING = YES;
				CLANG_WARN_BOOL_CONVERSION = YES;
				CLANG_WARN_COMMA = YES;
				CLANG_WARN_CONSTANT_CONVERSION = YES;
				CLANG_WARN_DEPRECATED_OBJC_IMPLEMENTATIONS = YES;
				CLANG_WARN_DIRECT_OBJC_ISA_USAGE = YES_ERROR;
				CLANG_WARN_DOCUMENTATION_COMMENTS = YES;
				CLANG_WARN_EMPTY_BODY = YES;
				CLANG_WARN_ENUM_CONVERSION = YES;
				CLANG_WARN_INFINITE_RECURSION = YES;
				CLANG_WARN_INT_CONVERSION = YES;
				CLANG_WARN_NON_LITERAL_NULL_CONVERSION = YES;
				CLANG_WARN_OBJC_IMPLICIT_RETAIN_SELF = YES;
				CLANG_WARN_OBJC_LITERAL_CONVERSION = YES;
				CLANG_WARN_OBJC_ROOT_CLASS = YES_ERROR;
				CLANG_WARN_RANGE_LOOP_ANALYSIS = YES;
				CLANG_WARN_STRICT_PROTOTYPES = YES;
				CLANG_WARN_SUSPICIOUS_MOVE = YES;
				CLANG_WARN_UNGUARDED_AVAILABILITY = YES_AGGRESSIVE;
				CLANG_WARN_UNREACHABLE_CODE = YES;
				CLANG_WARN__DUPLICATE_METHOD_MATCH = YES;
				CODE_SIGN_IDENTITY = "iPhone Developer";
				COPY_PHASE_STRIP = NO;
				DEBUG_INFORMATION_FORMAT = dwarf;
				ENABLE_STRICT_OBJC_MSGSEND = YES;
				ENABLE_TESTABILITY = YES;
				GCC_C_LANGUAGE_STANDARD = gnu11;
				GCC_DYNAMIC_NO_PIC = NO;
				GCC_NO_COMMON_BLOCKS = YES;
				GCC_OPTIMIZATION_LEVEL = 0;
				GCC_PREPROCESSOR_DEFINITIONS = (
					"DEBUG=1",
					"$(inherited)",
				);
				GCC_WARN_64_TO_32_BIT_CONVERSION = YES;
				GCC_WARN_ABOUT_RETURN_TYPE = YES_ERROR;
				GCC_WARN_UNDECLARED_SELECTOR = YES;
				GCC_WARN_UNINITIALIZED_AUTOS = YES_AGGRESSIVE;
				GCC_WARN_UNUSED_FUNCTION = YES;
				GCC_WARN_UNUSED_VARIABLE = YES;
				IPHONEOS_DEPLOYMENT_TARGET = 11.3;
				MTL_ENABLE_DEBUG_INFO = YES;
				ONLY_ACTIVE_ARCH = YES;
				SDKROOT = iphoneos;
			};
			name = Debug;
		};
		888E234220A58A0500E66FBB /* Release */ = {
			isa = XCBuildConfiguration;
			buildSettings = {
				ALWAYS_SEARCH_USER_PATHS = NO;
				CLANG_ANALYZER_NONNULL = YES;
				CLANG_ANALYZER_NUMBER_OBJECT_CONVERSION = YES_AGGRESSIVE;
				CLANG_CXX_LANGUAGE_STANDARD = "gnu++14";
				CLANG_CXX_LIBRARY = "libc++";
				CLANG_ENABLE_MODULES = YES;
				CLANG_ENABLE_OBJC_ARC = YES;
				CLANG_ENABLE_OBJC_WEAK = YES;
				CLANG_WARN_BLOCK_CAPTURE_AUTORELEASING = YES;
				CLANG_WARN_BOOL_CONVERSION = YES;
				CLANG_WARN_COMMA = YES;
				CLANG_WARN_CONSTANT_CONVERSION = YES;
				CLANG_WARN_DEPRECATED_OBJC_IMPLEMENTATIONS = YES;
				CLANG_WARN_DIRECT_OBJC_ISA_USAGE = YES_ERROR;
				CLANG_WARN_DOCUMENTATION_COMMENTS = YES;
				CLANG_WARN_EMPTY_BODY = YES;
				CLANG_WARN_ENUM_CONVERSION = YES;
				CLANG_WARN_INFINITE_RECURSION = YES;
				CLANG_WARN_INT_CONVERSION = YES;
				CLANG_WARN_NON_LITERAL_NULL_CONVERSION = YES;
				CLANG_WARN_OBJC_IMPLICIT_RETAIN_SELF = YES;
				CLANG_WARN_OBJC_LITERAL_CONVERSION = YES;
				CLANG_WARN_OBJC_ROOT_CLASS = YES_ERROR;
				CLANG_WARN_RANGE_LOOP_ANALYSIS = YES;
				CLANG_WARN_STRICT_PROTOTYPES = YES;
				CLANG_WARN_SUSPICIOUS_MOVE = YES;
				CLANG_WARN_UNGUARDED_AVAILABILITY = YES_AGGRESSIVE;
				CLANG_WARN_UNREACHABLE_CODE = YES;
				CLANG_WARN__DUPLICATE_METHOD_MATCH = YES;
				CODE_SIGN_IDENTITY = "iPhone Developer";
				COPY_PHASE_STRIP = NO;
				DEBUG_INFORMATION_FORMAT = "dwarf-with-dsym";
				ENABLE_NS_ASSERTIONS = NO;
				ENABLE_STRICT_OBJC_MSGSEND = YES;
				GCC_C_LANGUAGE_STANDARD = gnu11;
				GCC_NO_COMMON_BLOCKS = YES;
				GCC_WARN_64_TO_32_BIT_CONVERSION = YES;
				GCC_WARN_ABOUT_RETURN_TYPE = YES_ERROR;
				GCC_WARN_UNDECLARED_SELECTOR = YES;
				GCC_WARN_UNINITIALIZED_AUTOS = YES_AGGRESSIVE;
				GCC_WARN_UNUSED_FUNCTION = YES;
				GCC_WARN_UNUSED_VARIABLE = YES;
				IPHONEOS_DEPLOYMENT_TARGET = 11.3;
				MTL_ENABLE_DEBUG_INFO = NO;
				SDKROOT = iphoneos;
				VALIDATE_PRODUCT = YES;
			};
			name = Release;
		};
		888E234420A58A0500E66FBB /* Debug */ = {
			isa = XCBuildConfiguration;
			buildSettings = {
				ASSETCATALOG_COMPILER_APPICON_NAME = AppIcon;
				CODE_SIGN_STYLE = Automatic;
				DEVELOPMENT_TEAM = CLFR894M64;
				INFOPLIST_FILE = BlueToothModel/Info.plist;
				LD_RUNPATH_SEARCH_PATHS = (
					"$(inherited)",
					"@executable_path/Frameworks",
				);
				PRODUCT_BUNDLE_IDENTIFIER = com.zitang.BlueToothModel;
				PRODUCT_NAME = "$(TARGET_NAME)";
				TARGETED_DEVICE_FAMILY = "1,2";
			};
			name = Debug;
		};
		888E234520A58A0500E66FBB /* Release */ = {
			isa = XCBuildConfiguration;
			buildSettings = {
				ASSETCATALOG_COMPILER_APPICON_NAME = AppIcon;
				CODE_SIGN_STYLE = Automatic;
				DEVELOPMENT_TEAM = CLFR894M64;
				INFOPLIST_FILE = BlueToothModel/Info.plist;
				LD_RUNPATH_SEARCH_PATHS = (
					"$(inherited)",
					"@executable_path/Frameworks",
				);
				PRODUCT_BUNDLE_IDENTIFIER = com.zitang.BlueToothModel;
				PRODUCT_NAME = "$(TARGET_NAME)";
				TARGETED_DEVICE_FAMILY = "1,2";
			};
			name = Release;
		};
/* End XCBuildConfiguration section */

/* Begin XCConfigurationList section */
		888E232820A58A0400E66FBB /* Build configuration list for PBXProject "BlueToothModel" */ = {
			isa = XCConfigurationList;
			buildConfigurations = (
				888E234120A58A0500E66FBB /* Debug */,
				888E234220A58A0500E66FBB /* Release */,
			);
			defaultConfigurationIsVisible = 0;
			defaultConfigurationName = Release;
		};
		888E234320A58A0500E66FBB /* Build configuration list for PBXNativeTarget "BlueToothModel" */ = {
			isa = XCConfigurationList;
			buildConfigurations = (
				888E234420A58A0500E66FBB /* Debug */,
				888E234520A58A0500E66FBB /* Release */,
			);
			defaultConfigurationIsVisible = 0;
			defaultConfigurationName = Release;
		};
/* End XCConfigurationList section */
	};
	rootObject = 888E232520A58A0400E66FBB /* Project object */;
}
